
Microsoft Visual Studio Solution File, Format Version 12.00
# Visual Studio 14
VisualStudioVersion = 14.0.25420.1
MinimumVisualStudioVersion = 10.0.40219.1
Project("{2150E333-8FDC-42A3-9474-1A3956D46DE8}") = ".paket", ".paket", "{9967175A-763C-457F-BF4B-016DD52C568D}"
	ProjectSection(SolutionItems) = preProject
		paket.dependencies = paket.dependencies
	EndProjectSection
EndProject
Project("{FAE04EC0-301F-11D3-BF4B-00C04F79EFBC}") = "BitCruncher", "src\BitCruncher\BitCruncher.csproj", "{F98AC97B-1B70-43EF-8E5E-7E9119E668CE}"
EndProject
Project("{F2A71F9B-5D33-465A-A702-920D77279786}") = "ParallelBenchmarks", "src\ParallelBenchmarks\ParallelBenchmarks.fsproj", "{9732A65C-DFF7-46B7-8279-96730047CD56}"
EndProject
Global
	GlobalSection(SolutionConfigurationPlatforms) = preSolution
		Debug|Any CPU = Debug|Any CPU
		Release|Any CPU = Release|Any CPU
	EndGlobalSection
	GlobalSection(ProjectConfigurationPlatforms) = postSolution
		{F98AC97B-1B70-43EF-8E5E-7E9119E668CE}.Debug|Any CPU.ActiveCfg = Debug|Any CPU
		{F98AC97B-1B70-43EF-8E5E-7E9119E668CE}.Debug|Any CPU.Build.0 = Debug|Any CPU
		{F98AC97B-1B70-43EF-8E5E-7E9119E668CE}.Release|Any CPU.ActiveCfg = Release|Any CPU
		{F98AC97B-1B70-43EF-8E5E-7E9119E668CE}.Release|Any CPU.Build.0 = Release|Any CPU
		{9732A65C-DFF7-46B7-8279-96730047CD56}.Debug|Any CPU.ActiveCfg = Debug|Any CPU
		{9732A65C-DFF7-46B7-8279-96730047CD56}.Debug|Any CPU.Build.0 = Debug|Any CPU
		{9732A65C-DFF7-46B7-8279-96730047CD56}.Release|Any CPU.ActiveCfg = Release|Any CPU
		{9732A65C-DFF7-46B7-8279-96730047CD56}.Release|Any CPU.Build.0 = Release|Any CPU
	EndGlobalSection
	GlobalSection(SolutionProperties) = preSolution
		HideSolutionNode = FALSE
	EndGlobalSection
EndGlobal
